// !$*UTF8*$!
{
	archiveVersion = 1;
	classes = {
	};
	objectVersion = 56;
	objects = {

/* Begin PBXBuildFile section */
		356F1F2D2A376AF6002193CF /* GitHub_PracticeApp.swift in Sources */ = {isa = PBXBuildFile; fileRef = 356F1F2C2A376AF6002193CF /* GitHub_PracticeApp.swift */; };
		356F1F2F2A376AF6002193CF /* ContentView.swift in Sources */ = {isa = PBXBuildFile; fileRef = 356F1F2E2A376AF6002193CF /* ContentView.swift */; };
		356F1F312A376AF7002193CF /* Assets.xcassets in Resources */ = {isa = PBXBuildFile; fileRef = 356F1F302A376AF7002193CF /* Assets.xcassets */; };
		356F1F342A376AF7002193CF /* Preview Assets.xcassets in Resources */ = {isa = PBXBuildFile; fileRef = 356F1F332A376AF7002193CF /* Preview Assets.xcassets */; };
		356F1F3E2A376AF7002193CF /* GitHub_PracticeTests.swift in Sources */ = {isa = PBXBuildFile; fileRef = 356F1F3D2A376AF7002193CF /* GitHub_PracticeTests.swift */; };
		356F1F482A376AF7002193CF /* GitHub_PracticeUITests.swift in Sources */ = {isa = PBXBuildFile; fileRef = 356F1F472A376AF7002193CF /* GitHub_PracticeUITests.swift */; };
		356F1F4A2A376AF7002193CF /* GitHub_PracticeUITestsLaunchTests.swift in Sources */ = {isa = PBXBuildFile; fileRef = 356F1F492A376AF7002193CF /* GitHub_PracticeUITestsLaunchTests.swift */; };
/* End PBXBuildFile section */

/* Begin PBXContainerItemProxy section */
		356F1F3A2A376AF7002193CF /* PBXContainerItemProxy */ = {
			isa = PBXContainerItemProxy;
			containerPortal = 356F1F212A376AF6002193CF /* Project object */;
			proxyType = 1;
			remoteGlobalIDString = 356F1F282A376AF6002193CF;
			remoteInfo = "GitHub Practice";
		};
		356F1F442A376AF7002193CF /* PBXContainerItemProxy */ = {
			isa = PBXContainerItemProxy;
			containerPortal = 356F1F212A376AF6002193CF /* Project object */;
			proxyType = 1;
			remoteGlobalIDString = 356F1F282A376AF6002193CF;
			remoteInfo = "GitHub Practice";
		};
/* End PBXContainerItemProxy section */

/* Begin PBXFileReference section */
		356F1F292A376AF6002193CF /* GitHub Practice.app */ = {isa = PBXFileReference; explicitFileType = wrapper.application; includeInIndex = 0; path = "GitHub Practice.app"; sourceTree = BUILT_PRODUCTS_DIR; };
		356F1F2C2A376AF6002193CF /* GitHub_PracticeApp.swift */ = {isa = PBXFileReference; lastKnownFileType = sourcecode.swift; path = GitHub_PracticeApp.swift; sourceTree = "<group>"; };
		356F1F2E2A376AF6002193CF /* ContentView.swift */ = {isa = PBXFileReference; lastKnownFileType = sourcecode.swift; path = ContentView.swift; sourceTree = "<group>"; };
		356F1F302A376AF7002193CF /* Assets.xcassets */ = {isa = PBXFileReference; lastKnownFileType = folder.assetcatalog; path = Assets.xcassets; sourceTree = "<group>"; };
		356F1F332A376AF7002193CF /* Preview Assets.xcassets */ = {isa = PBXFileReference; lastKnownFileType = folder.assetcatalog; path = "Preview Assets.xcassets"; sourceTree = "<group>"; };
		356F1F392A376AF7002193CF /* GitHub PracticeTests.xctest */ = {isa = PBXFileReference; explicitFileType = wrapper.cfbundle; includeInIndex = 0; path = "GitHub PracticeTests.xctest"; sourceTree = BUILT_PRODUCTS_DIR; };
		356F1F3D2A376AF7002193CF /* GitHub_PracticeTests.swift */ = {isa = PBXFileReference; lastKnownFileType = sourcecode.swift; path = GitHub_PracticeTests.swift; sourceTree = "<group>"; };
		356F1F432A376AF7002193CF /* GitHub PracticeUITests.xctest */ = {isa = PBXFileReference; explicitFileType = wrapper.cfbundle; includeInIndex = 0; path = "GitHub PracticeUITests.xctest"; sourceTree = BUILT_PRODUCTS_DIR; };
		356F1F472A376AF7002193CF /* GitHub_PracticeUITests.swift */ = {isa = PBXFileReference; lastKnownFileType = sourcecode.swift; path = GitHub_PracticeUITests.swift; sourceTree = "<group>"; };
		356F1F492A376AF7002193CF /* GitHub_PracticeUITestsLaunchTests.swift */ = {isa = PBXFileReference; lastKnownFileType = sourcecode.swift; path = GitHub_PracticeUITestsLaunchTests.swift; sourceTree = "<group>"; };
/* End PBXFileReference section */

/* Begin PBXFrameworksBuildPhase section */
		356F1F262A376AF6002193CF /* Frameworks */ = {
			isa = PBXFrameworksBuildPhase;
			buildActionMask = 2147483647;
			files = (
			);
			runOnlyForDeploymentPostprocessing = 0;
		};
		356F1F362A376AF7002193CF /* Frameworks */ = {
			isa = PBXFrameworksBuildPhase;
			buildActionMask = 2147483647;
			files = (
			);
			runOnlyForDeploymentPostprocessing = 0;
		};
		356F1F402A376AF7002193CF /* Frameworks */ = {
			isa = PBXFrameworksBuildPhase;
			buildActionMask = 2147483647;
			files = (
			);
			runOnlyForDeploymentPostprocessing = 0;
		};
/* End PBXFrameworksBuildPhase section */

/* Begin PBXGroup section */
		356F1F202A376AF6002193CF = {
			isa = PBXGroup;
			children = (
				356F1F2B2A376AF6002193CF /* GitHub Practice */,
				356F1F3C2A376AF7002193CF /* GitHub PracticeTests */,
				356F1F462A376AF7002193CF /* GitHub PracticeUITests */,
				356F1F2A2A376AF6002193CF /* Products */,
			);
			sourceTree = "<group>";
		};
		356F1F2A2A376AF6002193CF /* Products */ = {
			isa = PBXGroup;
			children = (
				356F1F292A376AF6002193CF /* GitHub Practice.app */,
				356F1F392A376AF7002193CF /* GitHub PracticeTests.xctest */,
				356F1F432A376AF7002193CF /* GitHub PracticeUITests.xctest */,
			);
			name = Products;
			sourceTree = "<group>";
		};
		356F1F2B2A376AF6002193CF /* GitHub Practice */ = {
			isa = PBXGroup;
			children = (
				356F1F2C2A376AF6002193CF /* GitHub_PracticeApp.swift */,
				356F1F2E2A376AF6002193CF /* ContentView.swift */,
				356F1F302A376AF7002193CF /* Assets.xcassets */,
				356F1F322A376AF7002193CF /* Preview Content */,
			);
			path = "GitHub Practice";
			sourceTree = "<group>";
		};
		356F1F322A376AF7002193CF /* Preview Content */ = {
			isa = PBXGroup;
			children = (
				356F1F332A376AF7002193CF /* Preview Assets.xcassets */,
			);
			path = "Preview Content";
			sourceTree = "<group>";
		};
		356F1F3C2A376AF7002193CF /* GitHub PracticeTests */ = {
			isa = PBXGroup;
			children = (
				356F1F3D2A376AF7002193CF /* GitHub_PracticeTests.swift */,
			);
			path = "GitHub PracticeTests";
			sourceTree = "<group>";
		};
		356F1F462A376AF7002193CF /* GitHub PracticeUITests */ = {
			isa = PBXGroup;
			children = (
				356F1F472A376AF7002193CF /* GitHub_PracticeUITests.swift */,
				356F1F492A376AF7002193CF /* GitHub_PracticeUITestsLaunchTests.swift */,
			);
			path = "GitHub PracticeUITests";
			sourceTree = "<group>";
		};
/* End PBXGroup section */

/* Begin PBXNativeTarget section */
		356F1F282A376AF6002193CF /* GitHub Practice */ = {
			isa = PBXNativeTarget;
			buildConfigurationList = 356F1F4D2A376AF7002193CF /* Build configuration list for PBXNativeTarget "GitHub Practice" */;
			buildPhases = (
				356F1F252A376AF6002193CF /* Sources */,
				356F1F262A376AF6002193CF /* Frameworks */,
				356F1F272A376AF6002193CF /* Resources */,
			);
			buildRules = (
			);
			dependencies = (
			);
			name = "GitHub Practice";
			productName = "GitHub Practice";
			productReference = 356F1F292A376AF6002193CF /* GitHub Practice.app */;
			productType = "com.apple.product-type.application";
		};
		356F1F382A376AF7002193CF /* GitHub PracticeTests */ = {
			isa = PBXNativeTarget;
			buildConfigurationList = 356F1F502A376AF7002193CF /* Build configuration list for PBXNativeTarget "GitHub PracticeTests" */;
			buildPhases = (
				356F1F352A376AF7002193CF /* Sources */,
				356F1F362A376AF7002193CF /* Frameworks */,
				356F1F372A376AF7002193CF /* Resources */,
			);
			buildRules = (
			);
			dependencies = (
				356F1F3B2A376AF7002193CF /* PBXTargetDependency */,
			);
			name = "GitHub PracticeTests";
			productName = "GitHub PracticeTests";
			productReference = 356F1F392A376AF7002193CF /* GitHub PracticeTests.xctest */;
			productType = "com.apple.product-type.bundle.unit-test";
		};
		356F1F422A376AF7002193CF /* GitHub PracticeUITests */ = {
			isa = PBXNativeTarget;
			buildConfigurationList = 356F1F532A376AF7002193CF /* Build configuration list for PBXNativeTarget "GitHub PracticeUITests" */;
			buildPhases = (
				356F1F3F2A376AF7002193CF /* Sources */,
				356F1F402A376AF7002193CF /* Frameworks */,
				356F1F412A376AF7002193CF /* Resources */,
			);
			buildRules = (
			);
			dependencies = (
				356F1F452A376AF7002193CF /* PBXTargetDependency */,
			);
			name = "GitHub PracticeUITests";
			productName = "GitHub PracticeUITests";
			productReference = 356F1F432A376AF7002193CF /* GitHub PracticeUITests.xctest */;
			productType = "com.apple.product-type.bundle.ui-testing";
		};
/* End PBXNativeTarget section */

/* Begin PBXProject section */
		356F1F212A376AF6002193CF /* Project object */ = {
			isa = PBXProject;
			attributes = {
				BuildIndependentTargetsInParallel = 1;
				LastSwiftUpdateCheck = 1430;
				LastUpgradeCheck = 1430;
				TargetAttributes = {
					356F1F282A376AF6002193CF = {
						CreatedOnToolsVersion = 14.3.1;
					};
					356F1F382A376AF7002193CF = {
						CreatedOnToolsVersion = 14.3.1;
						TestTargetID = 356F1F282A376AF6002193CF;
					};
					356F1F422A376AF7002193CF = {
						CreatedOnToolsVersion = 14.3.1;
						TestTargetID = 356F1F282A376AF6002193CF;
					};
				};
			};
			buildConfigurationList = 356F1F242A376AF6002193CF /* Build configuration list for PBXProject "GitHub Practice" */;
			compatibilityVersion = "Xcode 14.0";
			developmentRegion = en;
			hasScannedForEncodings = 0;
			knownRegions = (
				en,
				Base,
			);
			mainGroup = 356F1F202A376AF6002193CF;
			productRefGroup = 356F1F2A2A376AF6002193CF /* Products */;
			projectDirPath = "";
			projectRoot = "";
			targets = (
				356F1F282A376AF6002193CF /* GitHub Practice */,
				356F1F382A376AF7002193CF /* GitHub PracticeTests */,
				356F1F422A376AF7002193CF /* GitHub PracticeUITests */,
			);
		};
/* End PBXProject section */

/* Begin PBXResourcesBuildPhase section */
		356F1F272A376AF6002193CF /* Resources */ = {
			isa = PBXResourcesBuildPhase;
			buildActionMask = 2147483647;
			files = (
				356F1F342A376AF7002193CF /* Preview Assets.xcassets in Resources */,
				356F1F312A376AF7002193CF /* Assets.xcassets in Resources */,
			);
			runOnlyForDeploymentPostprocessing = 0;
		};
		356F1F372A376AF7002193CF /* Resources */ = {
			isa = PBXResourcesBuildPhase;
			buildActionMask = 2147483647;
			files = (
			);
			runOnlyForDeploymentPostprocessing = 0;
		};
		356F1F412A376AF7002193CF /* Resources */ = {
			isa = PBXResourcesBuildPhase;
			buildActionMask = 2147483647;
			files = (
			);
			runOnlyForDeploymentPostprocessing = 0;
		};
/* End PBXResourcesBuildPhase section */

/* Begin PBXSourcesBuildPhase section */
		356F1F252A376AF6002193CF /* Sources */ = {
			isa = PBXSourcesBuildPhase;
			buildActionMask = 2147483647;
			files = (
				356F1F2F2A376AF6002193CF /* ContentView.swift in Sources */,
				356F1F2D2A376AF6002193CF /* GitHub_PracticeApp.swift in Sources */,
			);
			runOnlyForDeploymentPostprocessing = 0;
		};
		356F1F352A376AF7002193CF /* Sources */ = {
			isa = PBXSourcesBuildPhase;
			buildActionMask = 2147483647;
			files = (
				356F1F3E2A376AF7002193CF /* GitHub_PracticeTests.swift in Sources */,
			);
			runOnlyForDeploymentPostprocessing = 0;
		};
		356F1F3F2A376AF7002193CF /* Sources */ = {
			isa = PBXSourcesBuildPhase;
			buildActionMask = 2147483647;
			files = (
				356F1F4A2A376AF7002193CF /* GitHub_PracticeUITestsLaunchTests.swift in Sources */,
				356F1F482A376AF7002193CF /* GitHub_PracticeUITests.swift in Sources */,
			);
			runOnlyForDeploymentPostprocessing = 0;
		};
/* End PBXSourcesBuildPhase section */

/* Begin PBXTargetDependency section */
		356F1F3B2A376AF7002193CF /* PBXTargetDependency */ = {
			isa = PBXTargetDependency;
			target = 356F1F282A376AF6002193CF /* GitHub Practice */;
			targetProxy = 356F1F3A2A376AF7002193CF /* PBXContainerItemProxy */;
		};
		356F1F452A376AF7002193CF /* PBXTargetDependency */ = {
			isa = PBXTargetDependency;
			target = 356F1F282A376AF6002193CF /* GitHub Practice */;
			targetProxy = 356F1F442A376AF7002193CF /* PBXContainerItemProxy */;
		};
/* End PBXTargetDependency section */

/* Begin XCBuildConfiguration section */
		356F1F4B2A376AF7002193CF /* Debug */ = {
			isa = XCBuildConfiguration;
			buildSettings = {
				ALWAYS_SEARCH_USER_PATHS = NO;
				CLANG_ANALYZER_NONNULL = YES;
				CLANG_ANALYZER_NUMBER_OBJECT_CONVERSION = YES_AGGRESSIVE;
				CLANG_CXX_LANGUAGE_STANDARD = "gnu++20";
				CLANG_ENABLE_MODULES = YES;
				CLANG_ENABLE_OBJC_ARC = YES;
				CLANG_ENABLE_OBJC_WEAK = YES;
				CLANG_WARN_BLOCK_CAPTURE_AUTORELEASING = YES;
				CLANG_WARN_BOOL_CONVERSION = YES;
				CLANG_WARN_COMMA = YES;
				CLANG_WARN_CONSTANT_CONVERSION = YES;
				CLANG_WARN_DEPRECATED_OBJC_IMPLEMENTATIONS = YES;
				CLANG_WARN_DIRECT_OBJC_ISA_USAGE = YES_ERROR;
				CLANG_WARN_DOCUMENTATION_COMMENTS = YES;
				CLANG_WARN_EMPTY_BODY = YES;
				CLANG_WARN_ENUM_CONVERSION = YES;
				CLANG_WARN_INFINITE_RECURSION = YES;
				CLANG_WARN_INT_CONVERSION = YES;
				CLANG_WARN_NON_LITERAL_NULL_CONVERSION = YES;
				CLANG_WARN_OBJC_IMPLICIT_RETAIN_SELF = YES;
				CLANG_WARN_OBJC_LITERAL_CONVERSION = YES;
				CLANG_WARN_OBJC_ROOT_CLASS = YES_ERROR;
				CLANG_WARN_QUOTED_INCLUDE_IN_FRAMEWORK_HEADER = YES;
				CLANG_WARN_RANGE_LOOP_ANALYSIS = YES;
				CLANG_WARN_STRICT_PROTOTYPES = YES;
				CLANG_WARN_SUSPICIOUS_MOVE = YES;
				CLANG_WARN_UNGUARDED_AVAILABILITY = YES_AGGRESSIVE;
				CLANG_WARN_UNREACHABLE_CODE = YES;
				CLANG_WARN__DUPLICATE_METHOD_MATCH = YES;
				COPY_PHASE_STRIP = NO;
				DEBUG_INFORMATION_FORMAT = dwarf;
				ENABLE_STRICT_OBJC_MSGSEND = YES;
				ENABLE_TESTABILITY = YES;
				GCC_C_LANGUAGE_STANDARD = gnu11;
				GCC_DYNAMIC_NO_PIC = NO;
				GCC_NO_COMMON_BLOCKS = YES;
				GCC_OPTIMIZATION_LEVEL = 0;
				GCC_PREPROCESSOR_DEFINITIONS = (
					"DEBUG=1",
					"$(inherited)",
				);
				GCC_WARN_64_TO_32_BIT_CONVERSION = YES;
				GCC_WARN_ABOUT_RETURN_TYPE = YES_ERROR;
				GCC_WARN_UNDECLARED_SELECTOR = YES;
				GCC_WARN_UNINITIALIZED_AUTOS = YES_AGGRESSIVE;
				GCC_WARN_UNUSED_FUNCTION = YES;
				GCC_WARN_UNUSED_VARIABLE = YES;
				IPHONEOS_DEPLOYMENT_TARGET = 16.4;
				MTL_ENABLE_DEBUG_INFO = INCLUDE_SOURCE;
				MTL_FAST_MATH = YES;
				ONLY_ACTIVE_ARCH = YES;
				SDKROOT = iphoneos;
				SWIFT_ACTIVE_COMPILATION_CONDITIONS = DEBUG;
				SWIFT_OPTIMIZATION_LEVEL = "-Onone";
			};
			name = Debug;
		};
		356F1F4C2A376AF7002193CF /* Release */ = {
			isa = XCBuildConfiguration;
			buildSettings = {
				ALWAYS_SEARCH_USER_PATHS = NO;
				CLANG_ANALYZER_NONNULL = YES;
				CLANG_ANALYZER_NUMBER_OBJECT_CONVERSION = YES_AGGRESSIVE;
				CLANG_CXX_LANGUAGE_STANDARD = "gnu++20";
				CLANG_ENABLE_MODULES = YES;
				CLANG_ENABLE_OBJC_ARC = YES;
				CLANG_ENABLE_OBJC_WEAK = YES;
				CLANG_WARN_BLOCK_CAPTURE_AUTORELEASING = YES;
				CLANG_WARN_BOOL_CONVERSION = YES;
				CLANG_WARN_COMMA = YES;
				CLANG_WARN_CONSTANT_CONVERSION = YES;
				CLANG_WARN_DEPRECATED_OBJC_IMPLEMENTATIONS = YES;
				CLANG_WARN_DIRECT_OBJC_ISA_USAGE = YES_ERROR;
				CLANG_WARN_DOCUMENTATION_COMMENTS = YES;
				CLANG_WARN_EMPTY_BODY = YES;
				CLANG_WARN_ENUM_CONVERSION = YES;
				CLANG_WARN_INFINITE_RECURSION = YES;
				CLANG_WARN_INT_CONVERSION = YES;
				CLANG_WARN_NON_LITERAL_NULL_CONVERSION = YES;
				CLANG_WARN_OBJC_IMPLICIT_RETAIN_SELF = YES;
				CLANG_WARN_OBJC_LITERAL_CONVERSION = YES;
				CLANG_WARN_OBJC_ROOT_CLASS = YES_ERROR;
				CLANG_WARN_QUOTED_INCLUDE_IN_FRAMEWORK_HEADER = YES;
				CLANG_WARN_RANGE_LOOP_ANALYSIS = YES;
				CLANG_WARN_STRICT_PROTOTYPES = YES;
				CLANG_WARN_SUSPICIOUS_MOVE = YES;
				CLANG_WARN_UNGUARDED_AVAILABILITY = YES_AGGRESSIVE;
				CLANG_WARN_UNREACHABLE_CODE = YES;
				CLANG_WARN__DUPLICATE_METHOD_MATCH = YES;
				COPY_PHASE_STRIP = NO;
				DEBUG_INFORMATION_FORMAT = "dwarf-with-dsym";
				ENABLE_NS_ASSERTIONS = NO;
				ENABLE_STRICT_OBJC_MSGSEND = YES;
				GCC_C_LANGUAGE_STANDARD = gnu11;
				GCC_NO_COMMON_BLOCKS = YES;
				GCC_WARN_64_TO_32_BIT_CONVERSION = YES;
				GCC_WARN_ABOUT_RETURN_TYPE = YES_ERROR;
				GCC_WARN_UNDECLARED_SELECTOR = YES;
				GCC_WARN_UNINITIALIZED_AUTOS = YES_AGGRESSIVE;
				GCC_WARN_UNUSED_FUNCTION = YES;
				GCC_WARN_UNUSED_VARIABLE = YES;
				IPHONEOS_DEPLOYMENT_TARGET = 16.4;
				MTL_ENABLE_DEBUG_INFO = NO;
				MTL_FAST_MATH = YES;
				SDKROOT = iphoneos;
				SWIFT_COMPILATION_MODE = wholemodule;
				SWIFT_OPTIMIZATION_LEVEL = "-O";
				VALIDATE_PRODUCT = YES;
			};
			name = Release;
		};
		356F1F4E2A376AF7002193CF /* Debug */ = {
			isa = XCBuildConfiguration;
			buildSettings = {
				ASSETCATALOG_COMPILER_APPICON_NAME = AppIcon;
				ASSETCATALOG_COMPILER_GLOBAL_ACCENT_COLOR_NAME = AccentColor;
				CODE_SIGN_STYLE = Automatic;
				CURRENT_PROJECT_VERSION = 1;
				DEVELOPMENT_ASSET_PATHS = "\"GitHub Practice/Preview Content\"";
				ENABLE_PREVIEWS = YES;
				GENERATE_INFOPLIST_FILE = YES;
				INFOPLIST_KEY_UIApplicationSceneManifest_Generation = YES;
				INFOPLIST_KEY_UIApplicationSupportsIndirectInputEvents = YES;
				INFOPLIST_KEY_UILaunchScreen_Generation = YES;
				INFOPLIST_KEY_UISupportedInterfaceOrientations_iPad = "UIInterfaceOrientationPortrait UIInterfaceOrientationPortraitUpsideDown UIInterfaceOrientationLandscapeLeft UIInterfaceOrientationLandscapeRight";
				INFOPLIST_KEY_UISupportedInterfaceOrientations_iPhone = "UIInterfaceOrientationPortrait UIInterfaceOrientationLandscapeLeft UIInterfaceOrientationLandscapeRight";
				LD_RUNPATH_SEARCH_PATHS = (
					"$(inherited)",
					"@executable_path/Frameworks",
				);
				MARKETING_VERSION = 1.0;
				PRODUCT_BUNDLE_IDENTIFIER = "KWK.GitHub-Practice";
				PRODUCT_NAME = "$(TARGET_NAME)";
				SWIFT_EMIT_LOC_STRINGS = YES;
				SWIFT_VERSION = 5.0;
				TARGETED_DEVICE_FAMILY = "1,2";
			};
			name = Debug;
		};
		356F1F4F2A376AF7002193CF /* Release */ = {
			isa = XCBuildConfiguration;
			buildSettings = {
				ASSETCATALOG_COMPILER_APPICON_NAME = AppIcon;
				ASSETCATALOG_COMPILER_GLOBAL_ACCENT_COLOR_NAME = AccentColor;
				CODE_SIGN_STYLE = Automatic;
				CURRENT_PROJECT_VERSION = 1;
				DEVELOPMENT_ASSET_PATHS = "\"GitHub Practice/Preview Content\"";
				ENABLE_PREVIEWS = YES;
				GENERATE_INFOPLIST_FILE = YES;
				INFOPLIST_KEY_UIApplicationSceneManifest_Generation = YES;
				INFOPLIST_KEY_UIApplicationSupportsIndirectInputEvents = YES;
				INFOPLIST_KEY_UILaunchScreen_Generation = YES;
				INFOPLIST_KEY_UISupportedInterfaceOrientations_iPad = "UIInterfaceOrientationPortrait UIInterfaceOrientationPortraitUpsideDown UIInterfaceOrientationLandscapeLeft UIInterfaceOrientationLandscapeRight";
				INFOPLIST_KEY_UISupportedInterfaceOrientations_iPhone = "UIInterfaceOrientationPortrait UIInterfaceOrientationLandscapeLeft UIInterfaceOrientationLandscapeRight";
				LD_RUNPATH_SEARCH_PATHS = (
					"$(inherited)",
					"@executable_path/Frameworks",
				);
				MARKETING_VERSION = 1.0;
				PRODUCT_BUNDLE_IDENTIFIER = "KWK.GitHub-Practice";
				PRODUCT_NAME = "$(TARGET_NAME)";
				SWIFT_EMIT_LOC_STRINGS = YES;
				SWIFT_VERSION = 5.0;
				TARGETED_DEVICE_FAMILY = "1,2";
			};
			name = Release;
		};
		356F1F512A376AF7002193CF /* Debug */ = {
			isa = XCBuildConfiguration;
			buildSettings = {
				ALWAYS_EMBED_SWIFT_STANDARD_LIBRARIES = YES;
				BUNDLE_LOADER = "$(TEST_HOST)";
				CODE_SIGN_STYLE = Automatic;
				CURRENT_PROJECT_VERSION = 1;
				GENERATE_INFOPLIST_FILE = YES;
				IPHONEOS_DEPLOYMENT_TARGET = 16.4;
				MARKETING_VERSION = 1.0;
				PRODUCT_BUNDLE_IDENTIFIER = "KWK.GitHub-PracticeTests";
				PRODUCT_NAME = "$(TARGET_NAME)";
				SWIFT_EMIT_LOC_STRINGS = NO;
				SWIFT_VERSION = 5.0;
				TARGETED_DEVICE_FAMILY = "1,2";
				TEST_HOST = "$(BUILT_PRODUCTS_DIR)/GitHub Practice.app/$(BUNDLE_EXECUTABLE_FOLDER_PATH)/GitHub Practice";
			};
			name = Debug;
		};
		356F1F522A376AF7002193CF /* Release */ = {
			isa = XCBuildConfiguration;
			buildSettings = {
				ALWAYS_EMBED_SWIFT_STANDARD_LIBRARIES = YES;
				BUNDLE_LOADER = "$(TEST_HOST)";
				CODE_SIGN_STYLE = Automatic;
				CURRENT_PROJECT_VERSION = 1;
				GENERATE_INFOPLIST_FILE = YES;
				IPHONEOS_DEPLOYMENT_TARGET = 16.4;
				MARKETING_VERSION = 1.0;
				PRODUCT_BUNDLE_IDENTIFIER = "KWK.GitHub-PracticeTests";
				PRODUCT_NAME = "$(TARGET_NAME)";
				SWIFT_EMIT_LOC_STRINGS = NO;
				SWIFT_VERSION = 5.0;
				TARGETED_DEVICE_FAMILY = "1,2";
				TEST_HOST = "$(BUILT_PRODUCTS_DIR)/GitHub Practice.app/$(BUNDLE_EXECUTABLE_FOLDER_PATH)/GitHub Practice";
			};
			name = Release;
		};
		356F1F542A376AF7002193CF /* Debug */ = {
			isa = XCBuildConfiguration;
			buildSettings = {
				ALWAYS_EMBED_SWIFT_STANDARD_LIBRARIES = YES;
				CODE_SIGN_STYLE = Automatic;
				CURRENT_PROJECT_VERSION = 1;
				GENERATE_INFOPLIST_FILE = YES;
				MARKETING_VERSION = 1.0;
				PRODUCT_BUNDLE_IDENTIFIER = "KWK.GitHub-PracticeUITests";
				PRODUCT_NAME = "$(TARGET_NAME)";
				SWIFT_EMIT_LOC_STRINGS = NO;
				SWIFT_VERSION = 5.0;
				TARGETED_DEVICE_FAMILY = "1,2";
				TEST_TARGET_NAME = "GitHub Practice";
			};
			name = Debug;
		};
		356F1F552A376AF7002193CF /* Release */ = {
			isa = XCBuildConfiguration;
			buildSettings = {
				ALWAYS_EMBED_SWIFT_STANDARD_LIBRARIES = YES;
				CODE_SIGN_STYLE = Automatic;
				CURRENT_PROJECT_VERSION = 1;
				GENERATE_INFOPLIST_FILE = YES;
				MARKETING_VERSION = 1.0;
				PRODUCT_BUNDLE_IDENTIFIER = "KWK.GitHub-PracticeUITests";
				PRODUCT_NAME = "$(TARGET_NAME)";
				SWIFT_EMIT_LOC_STRINGS = NO;
				SWIFT_VERSION = 5.0;
				TARGETED_DEVICE_FAMILY = "1,2";
				TEST_TARGET_NAME = "GitHub Practice";
			};
			name = Release;
		};
/* End XCBuildConfiguration section */

/* Begin XCConfigurationList section */
		356F1F242A376AF6002193CF /* Build configuration list for PBXProject "GitHub Practice" */ = {
			isa = XCConfigurationList;
			buildConfigurations = (
				356F1F4B2A376AF7002193CF /* Debug */,
				356F1F4C2A376AF7002193CF /* Release */,
			);
			defaultConfigurationIsVisible = 0;
			defaultConfigurationName = Release;
		};
		356F1F4D2A376AF7002193CF /* Build configuration list for PBXNativeTarget "GitHub Practice" */ = {
			isa = XCConfigurationList;
			buildConfigurations = (
				356F1F4E2A376AF7002193CF /* Debug */,
				356F1F4F2A376AF7002193CF /* Release */,
			);
			defaultConfigurationIsVisible = 0;
			defaultConfigurationName = Release;
		};
		356F1F502A376AF7002193CF /* Build configuration list for PBXNativeTarget "GitHub PracticeTests" */ = {
			isa = XCConfigurationList;
			buildConfigurations = (
				356F1F512A376AF7002193CF /* Debug */,
				356F1F522A376AF7002193CF /* Release */,
			);
			defaultConfigurationIsVisible = 0;
			defaultConfigurationName = Release;
		};
		356F1F532A376AF7002193CF /* Build configuration list for PBXNativeTarget "GitHub PracticeUITests" */ = {
			isa = XCConfigurationList;
			buildConfigurations = (
				356F1F542A376AF7002193CF /* Debug */,
				356F1F552A376AF7002193CF /* Release */,
			);
			defaultConfigurationIsVisible = 0;
			defaultConfigurationName = Release;
		};
/* End XCConfigurationList section */
	};
	rootObject = 356F1F212A376AF6002193CF /* Project object */;
}
